
Microsoft Visual Studio Solution File, Format Version 12.00
# Visual Studio Version 16
VisualStudioVersion = 16.0.30907.101
MinimumVisualStudioVersion = 10.0.40219.1
Project("{9A19103F-16F7-4668-BE54-9A1E7A4F7556}") = "Domain", "Domain\Domain.csproj", "{136B3B2B-B239-47EF-B3D8-87ECD9F5915B}"
EndProject
Project("{FAE04EC0-301F-11D3-BF4B-00C04F79EFBC}") = "EntityFrameWork", "EntityFrameWork\EntityFrameWork.csproj", "{0C2ADF00-55D3-4393-A9CB-86678334560D}"
EndProject
Global
	GlobalSection(SolutionConfigurationPlatforms) = preSolution
		Debug|Any CPU = Debug|Any CPU
		Release|Any CPU = Release|Any CPU
	EndGlobalSection
	GlobalSection(ProjectConfigurationPlatforms) = postSolution
		{136B3B2B-B239-47EF-B3D8-87ECD9F5915B}.Debug|Any CPU.ActiveCfg = Debug|Any CPU
		{136B3B2B-B239-47EF-B3D8-87ECD9F5915B}.Debug|Any CPU.Build.0 = Debug|Any CPU
		{136B3B2B-B239-47EF-B3D8-87ECD9F5915B}.Release|Any CPU.ActiveCfg = Release|Any CPU
		{136B3B2B-B239-47EF-B3D8-87ECD9F5915B}.Release|Any CPU.Build.0 = Release|Any CPU
		{0C2ADF00-55D3-4393-A9CB-86678334560D}.Debug|Any CPU.ActiveCfg = Debug|Any CPU
		{0C2ADF00-55D3-4393-A9CB-86678334560D}.Debug|Any CPU.Build.0 = Debug|Any CPU
		{0C2ADF00-55D3-4393-A9CB-86678334560D}.Release|Any CPU.ActiveCfg = Release|Any CPU
		{0C2ADF00-55D3-4393-A9CB-86678334560D}.Release|Any CPU.Build.0 = Release|Any CPU
	EndGlobalSection
	GlobalSection(SolutionProperties) = preSolution
		HideSolutionNode = FALSE
	EndGlobalSection
	GlobalSection(ExtensibilityGlobals) = postSolution
		SolutionGuid = {93E5C5DA-AEFC-4A5B-A904-1BE9AD551922}
	EndGlobalSection
EndGlobal
